
Microsoft Visual Studio Solution File, Format Version 12.00
# Visual Studio Version 17
VisualStudioVersion = 17.5.33414.496
MinimumVisualStudioVersion = 10.0.40219.1
Project("{FAE04EC0-301F-11D3-BF4B-00C04F79EFBC}") = "IfElseTask1", "IfElseTask1\IfElseTask1.csproj", "{2EC3D8A6-9DB0-4358-828A-C2EDD8972B97}"
EndProject
Global
	GlobalSection(SolutionConfigurationPlatforms) = preSolution
		Debug|Any CPU = Debug|Any CPU
		Release|Any CPU = Release|Any CPU
	EndGlobalSection
	GlobalSection(ProjectConfigurationPlatforms) = postSolution
		{2EC3D8A6-9DB0-4358-828A-C2EDD8972B97}.Debug|Any CPU.ActiveCfg = Debug|Any CPU
		{2EC3D8A6-9DB0-4358-828A-C2EDD8972B97}.Debug|Any CPU.Build.0 = Debug|Any CPU
		{2EC3D8A6-9DB0-4358-828A-C2EDD8972B97}.Release|Any CPU.ActiveCfg = Release|Any CPU
		{2EC3D8A6-9DB0-4358-828A-C2EDD8972B97}.Release|Any CPU.Build.0 = Release|Any CPU
	EndGlobalSection
	GlobalSection(SolutionProperties) = preSolution
		HideSolutionNode = FALSE
	EndGlobalSection
	GlobalSection(ExtensibilityGlobals) = postSolution
		SolutionGuid = {C2FD20D5-29C7-4B44-AAE0-914353E2A9AC}
	EndGlobalSection
EndGlobal
